github.com/goplus/spbase v0.1.0 h1:JNZ0D/65DerYyv9/9IfrXHZZbd0WNK0jHiVvgCtZhwY=
github.com/goplus/spbase v0.1.0/go.mod h1:brnD3OJnHtipqob2IsJ3/QzGBf+eOnqXNnHGKpv1irQ=
golang.org/x/image v0.23.0 h1:HseQ7c2OpPKTPVzNjG5fwJsOTCiiwS4QdsYi5XU6H68=
golang.org/x/image v0.23.0/go.mod h1:wJJBTdLfCCf3tiHa1fNxpZmUI4mmoZvwMCPP0ddoNKY=
